
Microsoft Visual Studio Solution File, Format Version 12.00
# Visual Studio Version 17
VisualStudioVersion = 17.14.36518.9 d17.14
MinimumVisualStudioVersion = 10.0.40219.1
Project("{FAE04EC0-301F-11D3-BF4B-00C04F79EFBC}") = "NullHydration", "NullHydration.csproj", "{83763BC0-73C6-4CAE-8E3E-7EC134441045}"
EndProject
Global
	GlobalSection(SolutionConfigurationPlatforms) = preSolution
		Debug|Any CPU = Debug|Any CPU
		Release|Any CPU = Release|Any CPU
	EndGlobalSection
	GlobalSection(ProjectConfigurationPlatforms) = postSolution
		{83763BC0-73C6-4CAE-8E3E-7EC134441045}.Debug|Any CPU.ActiveCfg = Debug|Any CPU
		{83763BC0-73C6-4CAE-8E3E-7EC134441045}.Debug|Any CPU.Build.0 = Debug|Any CPU
		{83763BC0-73C6-4CAE-8E3E-7EC134441045}.Release|Any CPU.ActiveCfg = Release|Any CPU
		{83763BC0-73C6-4CAE-8E3E-7EC134441045}.Release|Any CPU.Build.0 = Release|Any CPU
	EndGlobalSection
	GlobalSection(SolutionProperties) = preSolution
		HideSolutionNode = FALSE
	EndGlobalSection
	GlobalSection(ExtensibilityGlobals) = postSolution
		SolutionGuid = {0FB7F9BF-D306-490A-BECE-9D6C580A7E99}
	EndGlobalSection
EndGlobal
